
Microsoft Visual Studio Solution File, Format Version 12.00
# Visual Studio Version 17
VisualStudioVersion = 17.3.32929.385
MinimumVisualStudioVersion = 10.0.40219.1
Project("{FAE04EC0-301F-11D3-BF4B-00C04F79EFBC}") = "lFtpUpload", "lFtpUpload\lFtpUpload.csproj", "{502A7BCD-4D28-4826-B1A7-FA2D99E00431}"
EndProject
Global
	GlobalSection(SolutionConfigurationPlatforms) = preSolution
		Debug|Any CPU = Debug|Any CPU
		Release|Any CPU = Release|Any CPU
	EndGlobalSection
	GlobalSection(ProjectConfigurationPlatforms) = postSolution
		{502A7BCD-4D28-4826-B1A7-FA2D99E00431}.Debug|Any CPU.ActiveCfg = Debug|Any CPU
		{502A7BCD-4D28-4826-B1A7-FA2D99E00431}.Debug|Any CPU.Build.0 = Debug|Any CPU
		{502A7BCD-4D28-4826-B1A7-FA2D99E00431}.Release|Any CPU.ActiveCfg = Release|Any CPU
		{502A7BCD-4D28-4826-B1A7-FA2D99E00431}.Release|Any CPU.Build.0 = Release|Any CPU
	EndGlobalSection
	GlobalSection(SolutionProperties) = preSolution
		HideSolutionNode = FALSE
	EndGlobalSection
	GlobalSection(ExtensibilityGlobals) = postSolution
		SolutionGuid = {C4F7639B-51FD-4994-ADAF-6E620A6631EA}
	EndGlobalSection
EndGlobal
